{
  "name": "axios-transitive-test",
  "version": "1.0.0",
  "lockfileVersion": 2,
  "packages": {
    "node_modules/express-wrapper": {
      "version": "1.0.0",
      "resolved": "https://registry.npmjs.org/express-wrapper/-/express-wrapper-1.0.0.tgz"
    },
    "node_modules/express-wrapper/node_modules/axios": {
      "version": "1.7.2",
      "resolved": "https://registry.npmjs.org/axios/-/axios-1.7.2.tgz"
    }
  }
}
